{
  "pins" : [
    {
      "identity" : "lunar-ios",
      "kind" : "remoteSourceControl",
      "location" : "https://github.com/HouHangLei/Lunar-iOS.git",
      "state" : {
        "branch" : "master",
        "revision" : "b170f1c45b248cd0e29920ba3aba7035961c11b4"
      }
    }
  ],
  "version" : 2
}
