{
  "pins" : [
    {
      "identity" : "lunar-ios",
      "kind" : "remoteSourceControl",
      "location" : "https://github.com/HouHangLei/Lunar-iOS.git",
      "state" : {
        "branch" : "master",
        "revision" : "3f6f5f00073ee9d413d4c8852ffee0afd062fc0f"
      }
    }
  ],
  "version" : 2
}
